<?xml version="1.0" encoding="UTF-8"?>
<!DOCTYPE plist PUBLIC "-//Apple//DTD PLIST 1.0//EN" "http://www.apple.com/DTDs/PropertyList-1.0.dtd">
<plist version="1.0">
<dict>
	<key>archiveVersion</key>
	<string>1</string>
	<key>classes</key>
	<dict/>
	<key>objectVersion</key>
	<string>46</string>
	<key>objects</key>
	<dict>
		<key>2A205D746E1D4A5993EC76DF</key>
		<dict>
			<key>includeInIndex</key>
			<string>1</string>
			<key>isa</key>
			<string>PBXFileReference</string>
			<key>lastKnownFileType</key>
			<string>text.xcconfig</string>
			<key>name</key>
			<string>Pods.xcconfig</string>
			<key>path</key>
			<string>Pods/Pods.xcconfig</string>
			<key>sourceTree</key>
			<string>&lt;group&gt;</string>
		</dict>
		<key>631AE7DD19746A700028B7D0</key>
		<dict>
			<key>fileEncoding</key>
			<string>4</string>
			<key>isa</key>
			<string>PBXFileReference</string>
			<key>lastKnownFileType</key>
			<string>sourcecode.c.h</string>
			<key>name</key>
			<string>Grid.h</string>
			<key>path</key>
			<string>Source/Grid.h</string>
			<key>sourceTree</key>
			<string>&lt;group&gt;</string>
		</dict>
		<key>631AE7DE19746A700028B7D0</key>
		<dict>
			<key>fileEncoding</key>
			<string>4</string>
			<key>isa</key>
			<string>PBXFileReference</string>
			<key>lastKnownFileType</key>
			<string>sourcecode.c.objc</string>
			<key>name</key>
			<string>Grid.m</string>
			<key>path</key>
			<string>Source/Grid.m</string>
			<key>sourceTree</key>
			<string>&lt;group&gt;</string>
		</dict>
		<key>631AE7DF19746A700028B7D0</key>
		<dict>
			<key>fileRef</key>
			<string>631AE7DE19746A700028B7D0</string>
			<key>isa</key>
			<string>PBXBuildFile</string>
		</dict>
		<key>631AE7E019746ACB0028B7D0</key>
		<dict>
			<key>fileEncoding</key>
			<string>4</string>
			<key>isa</key>
			<string>PBXFileReference</string>
			<key>lastKnownFileType</key>
			<string>sourcecode.c.h</string>
			<key>name</key>
			<string>Tile.h</string>
			<key>path</key>
			<string>Source/Tile.h</string>
			<key>sourceTree</key>
			<string>&lt;group&gt;</string>
		</dict>
		<key>631AE7E119746ACB0028B7D0</key>
		<dict>
			<key>fileEncoding</key>
			<string>4</string>
			<key>isa</key>
			<string>PBXFileReference</string>
			<key>lastKnownFileType</key>
			<string>sourcecode.c.objc</string>
			<key>name</key>
			<string>Tile.m</string>
			<key>path</key>
			<string>Source/Tile.m</string>
			<key>sourceTree</key>
			<string>&lt;group&gt;</string>
		</dict>
		<key>631AE7E219746ACB0028B7D0</key>
		<dict>
			<key>fileRef</key>
			<string>631AE7E119746ACB0028B7D0</string>
			<key>isa</key>
			<string>PBXBuildFile</string>
		</dict>
		<key>631BC73619815966002F2DEB</key>
		<dict>
			<key>fileEncoding</key>
			<string>4</string>
			<key>isa</key>
			<string>PBXFileReference</string>
			<key>lastKnownFileType</key>
			<string>sourcecode.c.h</string>
			<key>name</key>
			<string>GameEnd.h</string>
			<key>path</key>
			<string>Source/GameEnd.h</string>
			<key>sourceTree</key>
			<string>&lt;group&gt;</string>
		</dict>
		<key>631BC73719815966002F2DEB</key>
		<dict>
			<key>fileEncoding</key>
			<string>4</string>
			<key>isa</key>
			<string>PBXFileReference</string>
			<key>lastKnownFileType</key>
			<string>sourcecode.c.objc</string>
			<key>name</key>
			<string>GameEnd.m</string>
			<key>path</key>
			<string>Source/GameEnd.m</string>
			<key>sourceTree</key>
			<string>&lt;group&gt;</string>
		</dict>
		<key>631BC73819815966002F2DEB</key>
		<dict>
			<key>fileRef</key>
			<string>631BC73719815966002F2DEB</string>
			<key>isa</key>
			<string>PBXBuildFile</string>
		</dict>
		<key>8392007918EE8E3300B6C429</key>
		<dict>
			<key>isa</key>
			<string>PBXFileReference</string>
			<key>lastKnownFileType</key>
			<string>wrapper.framework</string>
			<key>name</key>
			<string>GLKit.framework</string>
			<key>path</key>
			<string>System/Library/Frameworks/GLKit.framework</string>
			<key>sourceTree</key>
			<string>SDKROOT</string>
		</dict>
		<key>8392007A18EE8E3300B6C429</key>
		<dict>
			<key>fileRef</key>
			<string>8392007918EE8E3300B6C429</string>
			<key>isa</key>
			<string>PBXBuildFile</string>
		</dict>
		<key>8CA3F3225021498C92C0FD96</key>
		<dict>
			<key>explicitFileType</key>
			<string>archive.ar</string>
			<key>includeInIndex</key>
			<string>0</string>
			<key>isa</key>
			<string>PBXFileReference</string>
			<key>path</key>
			<string>libPods.a</string>
			<key>sourceTree</key>
			<string>BUILT_PRODUCTS_DIR</string>
		</dict>
		<key>9222E2B918734FF800A246C7</key>
		<dict>
			<key>children</key>
			<array>
				<string>B7378940180761A80076A88C</string>
			</array>
			<key>isa</key>
			<string>PBXGroup</string>
			<key>name</key>
			<string>libs</string>
			<key>sourceTree</key>
			<string>&lt;group&gt;</string>
		</dict>
		<key>940750C3E4C243E999EB6685</key>
		<dict>
			<key>buildActionMask</key>
			<string>2147483647</string>
			<key>files</key>
			<array/>
			<key>inputPaths</key>
			<array/>
			<key>isa</key>
			<string>PBXShellScriptBuildPhase</string>
			<key>name</key>
			<string>Check Pods Manifest.lock</string>
			<key>outputPaths</key>
			<array/>
			<key>runOnlyForDeploymentPostprocessing</key>
			<string>0</string>
			<key>shellPath</key>
			<string>/bin/sh</string>
			<key>shellScript</key>
			<string>diff "${PODS_ROOT}/../Podfile.lock" "${PODS_ROOT}/Manifest.lock" &gt; /dev/null
if [[ $? != 0 ]] ; then
    cat &lt;&lt; EOM
error: The sandbox is not in sync with the Podfile.lock. Run 'pod install' or update your CocoaPods installation.
EOM
    exit 1
fi
</string>
			<key>showEnvVarsInLog</key>
			<string>0</string>
		</dict>
		<key>A92969F2617A496DAF62553D</key>
		<dict>
			<key>fileRef</key>
			<string>8CA3F3225021498C92C0FD96</string>
			<key>isa</key>
			<string>PBXBuildFile</string>
		</dict>
		<key>B71F5907188484E7003F4D28</key>
		<dict>
			<key>isa</key>
			<string>PBXFileReference</string>
			<key>lastKnownFileType</key>
			<string>image.png</string>
			<key>name</key>
			<string>iPad-old.png</string>
			<key>path</key>
			<string>Icons/iPad-old.png</string>
			<key>sourceTree</key>
			<string>&lt;group&gt;</string>
		</dict>
		<key>B71F5908188484E7003F4D28</key>
		<dict>
			<key>isa</key>
			<string>PBXFileReference</string>
			<key>lastKnownFileType</key>
			<string>image.png</string>
			<key>name</key>
			<string>iPad-old@2x.png</string>
			<key>path</key>
			<string>Icons/iPad-old@2x.png</string>
			<key>sourceTree</key>
			<string>&lt;group&gt;</string>
		</dict>
		<key>B71F5909188484E7003F4D28</key>
		<dict>
			<key>isa</key>
			<string>PBXFileReference</string>
			<key>lastKnownFileType</key>
			<string>image.png</string>
			<key>name</key>
			<string>iPad.png</string>
			<key>path</key>
			<string>Icons/iPad.png</string>
			<key>sourceTree</key>
			<string>&lt;group&gt;</string>
		</dict>
		<key>B71F590A188484E7003F4D28</key>
		<dict>
			<key>isa</key>
			<string>PBXFileReference</string>
			<key>lastKnownFileType</key>
			<string>image.png</string>
			<key>name</key>
			<string>iPad@2x.png</string>
			<key>path</key>
			<string>Icons/iPad@2x.png</string>
			<key>sourceTree</key>
			<string>&lt;group&gt;</string>
		</dict>
		<key>B71F590B188484E7003F4D28</key>
		<dict>
			<key>isa</key>
			<string>PBXFileReference</string>
			<key>lastKnownFileType</key>
			<string>image.png</string>
			<key>name</key>
			<string>iPhone-old.png</string>
			<key>path</key>
			<string>Icons/iPhone-old.png</string>
			<key>sourceTree</key>
			<string>&lt;group&gt;</string>
		</dict>
		<key>B71F590C188484E7003F4D28</key>
		<dict>
			<key>isa</key>
			<string>PBXFileReference</string>
			<key>lastKnownFileType</key>
			<string>image.png</string>
			<key>name</key>
			<string>iPhone-old@2x.png</string>
			<key>path</key>
			<string>Icons/iPhone-old@2x.png</string>
			<key>sourceTree</key>
			<string>&lt;group&gt;</string>
		</dict>
		<key>B71F590D188484E7003F4D28</key>
		<dict>
			<key>isa</key>
			<string>PBXFileReference</string>
			<key>lastKnownFileType</key>
			<string>image.png</string>
			<key>name</key>
			<string>iPhone.png</string>
			<key>path</key>
			<string>Icons/iPhone.png</string>
			<key>sourceTree</key>
			<string>&lt;group&gt;</string>
		</dict>
		<key>B71F590E188484E7003F4D28</key>
		<dict>
			<key>isa</key>
			<string>PBXFileReference</string>
			<key>lastKnownFileType</key>
			<string>image.png</string>
			<key>name</key>
			<string>iPhone@2x.png</string>
			<key>path</key>
			<string>Icons/iPhone@2x.png</string>
			<key>sourceTree</key>
			<string>&lt;group&gt;</string>
		</dict>
		<key>B71F590F188484E7003F4D28</key>
		<dict>
			<key>isa</key>
			<string>PBXFileReference</string>
			<key>lastKnownFileType</key>
			<string>image.png</string>
			<key>name</key>
			<string>Settings.png</string>
			<key>path</key>
			<string>Icons/Settings.png</string>
			<key>sourceTree</key>
			<string>&lt;group&gt;</string>
		</dict>
		<key>B71F5910188484E7003F4D28</key>
		<dict>
			<key>isa</key>
			<string>PBXFileReference</string>
			<key>lastKnownFileType</key>
			<string>image.png</string>
			<key>name</key>
			<string>Settings@2x.png</string>
			<key>path</key>
			<string>Icons/Settings@2x.png</string>
			<key>sourceTree</key>
			<string>&lt;group&gt;</string>
		</dict>
		<key>B71F5911188484E7003F4D28</key>
		<dict>
			<key>fileRef</key>
			<string>B71F5907188484E7003F4D28</string>
			<key>isa</key>
			<string>PBXBuildFile</string>
		</dict>
		<key>B71F5912188484E7003F4D28</key>
		<dict>
			<key>fileRef</key>
			<string>B71F5908188484E7003F4D28</string>
			<key>isa</key>
			<string>PBXBuildFile</string>
		</dict>
		<key>B71F5913188484E7003F4D28</key>
		<dict>
			<key>fileRef</key>
			<string>B71F5909188484E7003F4D28</string>
			<key>isa</key>
			<string>PBXBuildFile</string>
		</dict>
		<key>B71F5914188484E7003F4D28</key>
		<dict>
			<key>fileRef</key>
			<string>B71F590A188484E7003F4D28</string>
			<key>isa</key>
			<string>PBXBuildFile</string>
		</dict>
		<key>B71F5915188484E7003F4D28</key>
		<dict>
			<key>fileRef</key>
			<string>B71F590B188484E7003F4D28</string>
			<key>isa</key>
			<string>PBXBuildFile</string>
		</dict>
		<key>B71F5916188484E7003F4D28</key>
		<dict>
			<key>fileRef</key>
			<string>B71F590C188484E7003F4D28</string>
			<key>isa</key>
			<string>PBXBuildFile</string>
		</dict>
		<key>B71F5917188484E7003F4D28</key>
		<dict>
			<key>fileRef</key>
			<string>B71F590D188484E7003F4D28</string>
			<key>isa</key>
			<string>PBXBuildFile</string>
		</dict>
		<key>B71F5918188484E7003F4D28</key>
		<dict>
			<key>fileRef</key>
			<string>B71F590E188484E7003F4D28</string>
			<key>isa</key>
			<string>PBXBuildFile</string>
		</dict>
		<key>B71F5919188484E7003F4D28</key>
		<dict>
			<key>fileRef</key>
			<string>B71F590F188484E7003F4D28</string>
			<key>isa</key>
			<string>PBXBuildFile</string>
		</dict>
		<key>B71F591A188484E7003F4D28</key>
		<dict>
			<key>fileRef</key>
			<string>B71F5910188484E7003F4D28</string>
			<key>isa</key>
			<string>PBXBuildFile</string>
		</dict>
		<key>B737893A180761570076A88C</key>
		<dict>
			<key>isa</key>
			<string>PBXFileReference</string>
			<key>lastKnownFileType</key>
			<string>folder</string>
			<key>name</key>
			<string>Published-iOS</string>
			<key>path</key>
			<string>Source/Resources/Published-iOS</string>
			<key>sourceTree</key>
			<string>SOURCE_ROOT</string>
		</dict>
		<key>B737893B180761570076A88C</key>
		<dict>
			<key>fileRef</key>
			<string>B737893A180761570076A88C</string>
			<key>isa</key>
			<string>PBXBuildFile</string>
		</dict>
		<key>B737893C1807616C0076A88C</key>
		<dict>
			<key>children</key>
			<array>
				<string>631BC73619815966002F2DEB</string>
				<string>631BC73719815966002F2DEB</string>
				<string>B737893D1807617C0076A88C</string>
				<string>B737893E1807617C0076A88C</string>
				<string>B7378992180767190076A88C</string>
				<string>B7378993180767190076A88C</string>
				<string>631AE7DD19746A700028B7D0</string>
				<string>631AE7DE19746A700028B7D0</string>
				<string>631AE7E019746ACB0028B7D0</string>
				<string>631AE7E119746ACB0028B7D0</string>
			</array>
			<key>isa</key>
			<string>PBXGroup</string>
			<key>name</key>
			<string>Source</string>
			<key>sourceTree</key>
			<string>&lt;group&gt;</string>
		</dict>
		<key>B737893D1807617C0076A88C</key>
		<dict>
			<key>fileEncoding</key>
			<string>4</string>
			<key>isa</key>
			<string>PBXFileReference</string>
			<key>lastKnownFileType</key>
			<string>sourcecode.c.h</string>
			<key>name</key>
			<string>AppDelegate.h</string>
			<key>path</key>
			<string>Source/AppDelegate.h</string>
			<key>sourceTree</key>
			<string>&lt;group&gt;</string>
		</dict>
		<key>B737893E1807617C0076A88C</key>
		<dict>
			<key>fileEncoding</key>
			<string>4</string>
			<key>isa</key>
			<string>PBXFileReference</string>
			<key>lastKnownFileType</key>
			<string>sourcecode.c.objc</string>
			<key>name</key>
			<string>AppDelegate.m</string>
			<key>path</key>
			<string>Source/AppDelegate.m</string>
			<key>sourceTree</key>
			<string>&lt;group&gt;</string>
		</dict>
		<key>B737893F1807617C0076A88C</key>
		<dict>
			<key>fileRef</key>
			<string>B737893E1807617C0076A88C</string>
			<key>isa</key>
			<string>PBXBuildFile</string>
		</dict>
		<key>B7378940180761A80076A88C</key>
		<dict>
			<key>isa</key>
			<string>PBXFileReference</string>
			<key>lastKnownFileType</key>
			<string>wrapper.pb-project</string>
			<key>name</key>
			<string>cocos2d-ios.xcodeproj</string>
			<key>path</key>
			<string>Source/libs/cocos2d-iphone/cocos2d-ios.xcodeproj</string>
			<key>sourceTree</key>
			<string>SOURCE_ROOT</string>
		</dict>
		<key>B7378941180761A80076A88C</key>
		<dict>
			<key>children</key>
			<array>
				<string>B737894B180761A90076A88C</string>
			</array>
			<key>isa</key>
			<string>PBXGroup</string>
			<key>name</key>
			<string>Products</string>
			<key>sourceTree</key>
			<string>&lt;group&gt;</string>
		</dict>
		<key>B737894A180761A90076A88C</key>
		<dict>
			<key>containerPortal</key>
			<string>B7378940180761A80076A88C</string>
			<key>isa</key>
			<string>PBXContainerItemProxy</string>
			<key>proxyType</key>
			<string>2</string>
			<key>remoteGlobalIDString</key>
			<string>5018F24D0DFDEAC400C013A5</string>
			<key>remoteInfo</key>
			<string>cocos2d</string>
		</dict>
		<key>B737894B180761A90076A88C</key>
		<dict>
			<key>fileType</key>
			<string>archive.ar</string>
			<key>isa</key>
			<string>PBXReferenceProxy</string>
			<key>path</key>
			<string>libcocos2d.a</string>
			<key>remoteRef</key>
			<string>B737894A180761A90076A88C</string>
			<key>sourceTree</key>
			<string>BUILT_PRODUCTS_DIR</string>
		</dict>
		<key>B737896B180762440076A88C</key>
		<dict>
			<key>isa</key>
			<string>PBXFileReference</string>
			<key>lastKnownFileType</key>
			<string>image.png</string>
			<key>name</key>
			<string>Default-568h@2x.png</string>
			<key>path</key>
			<string>Source/Resources/Default-568h@2x.png</string>
			<key>sourceTree</key>
			<string>SOURCE_ROOT</string>
		</dict>
		<key>B737896C180762440076A88C</key>
		<dict>
			<key>isa</key>
			<string>PBXFileReference</string>
			<key>lastKnownFileType</key>
			<string>image.png</string>
			<key>name</key>
			<string>Default-Landscape~ipad.png</string>
			<key>path</key>
			<string>Source/Resources/Default-Landscape~ipad.png</string>
			<key>sourceTree</key>
			<string>SOURCE_ROOT</string>
		</dict>
		<key>B737896D180762440076A88C</key>
		<dict>
			<key>isa</key>
			<string>PBXFileReference</string>
			<key>lastKnownFileType</key>
			<string>image.png</string>
			<key>name</key>
			<string>Default.png</string>
			<key>path</key>
			<string>Source/Resources/Default.png</string>
			<key>sourceTree</key>
			<string>SOURCE_ROOT</string>
		</dict>
		<key>B737896E180762440076A88C</key>
		<dict>
			<key>isa</key>
			<string>PBXFileReference</string>
			<key>lastKnownFileType</key>
			<string>image.png</string>
			<key>name</key>
			<string>Default@2x.png</string>
			<key>path</key>
			<string>Source/Resources/Default@2x.png</string>
			<key>sourceTree</key>
			<string>SOURCE_ROOT</string>
		</dict>
		<key>B7378975180762440076A88C</key>
		<dict>
			<key>fileRef</key>
			<string>B737896B180762440076A88C</string>
			<key>isa</key>
			<string>PBXBuildFile</string>
		</dict>
		<key>B7378976180762440076A88C</key>
		<dict>
			<key>fileRef</key>
			<string>B737896C180762440076A88C</string>
			<key>isa</key>
			<string>PBXBuildFile</string>
		</dict>
		<key>B7378977180762440076A88C</key>
		<dict>
			<key>fileRef</key>
			<string>B737896D180762440076A88C</string>
			<key>isa</key>
			<string>PBXBuildFile</string>
		</dict>
		<key>B7378978180762440076A88C</key>
		<dict>
			<key>fileRef</key>
			<string>B737896E180762440076A88C</string>
			<key>isa</key>
			<string>PBXBuildFile</string>
		</dict>
		<key>B73789851807631A0076A88C</key>
		<dict>
			<key>fileEncoding</key>
			<string>4</string>
			<key>isa</key>
			<string>PBXFileReference</string>
			<key>lastKnownFileType</key>
			<string>sourcecode.c.objc</string>
			<key>name</key>
			<string>main.m</string>
			<key>path</key>
			<string>Source/main.m</string>
			<key>sourceTree</key>
			<string>SOURCE_ROOT</string>
		</dict>
		<key>B73789861807631A0076A88C</key>
		<dict>
			<key>fileEncoding</key>
			<string>4</string>
			<key>isa</key>
			<string>PBXFileReference</string>
			<key>lastKnownFileType</key>
			<string>sourcecode.c.h</string>
			<key>name</key>
			<string>Prefix.pch</string>
			<key>path</key>
			<string>Source/Prefix.pch</string>
			<key>sourceTree</key>
			<string>SOURCE_ROOT</string>
		</dict>
		<key>B73789871807631A0076A88C</key>
		<dict>
			<key>fileRef</key>
			<string>B73789851807631A0076A88C</string>
			<key>isa</key>
			<string>PBXBuildFile</string>
		</dict>
		<key>B7378988180764180076A88C</key>
		<dict>
			<key>containerPortal</key>
			<string>B7378940180761A80076A88C</string>
			<key>isa</key>
			<string>PBXContainerItemProxy</string>
			<key>proxyType</key>
			<string>1</string>
			<key>remoteGlobalIDString</key>
			<string>5018F24C0DFDEAC400C013A5</string>
			<key>remoteInfo</key>
			<string>cocos2d</string>
		</dict>
		<key>B7378989180764180076A88C</key>
		<dict>
			<key>isa</key>
			<string>PBXTargetDependency</string>
			<key>name</key>
			<string>cocos2d</string>
			<key>targetProxy</key>
			<string>B7378988180764180076A88C</string>
		</dict>
		<key>B737898A1807642B0076A88C</key>
		<dict>
			<key>fileRef</key>
			<string>B737894B180761A90076A88C</string>
			<key>isa</key>
			<string>PBXBuildFile</string>
		</dict>
		<key>B73789911807667A0076A88C</key>
		<dict>
			<key>children</key>
			<array>
				<string>B71F5907188484E7003F4D28</string>
				<string>B71F5908188484E7003F4D28</string>
				<string>B71F5909188484E7003F4D28</string>
				<string>B71F590A188484E7003F4D28</string>
				<string>B71F590B188484E7003F4D28</string>
				<string>B71F590C188484E7003F4D28</string>
				<string>B71F590D188484E7003F4D28</string>
				<string>B71F590E188484E7003F4D28</string>
				<string>B71F590F188484E7003F4D28</string>
				<string>B71F5910188484E7003F4D28</string>
				<string>B737896B180762440076A88C</string>
				<string>B737896C180762440076A88C</string>
				<string>B737896D180762440076A88C</string>
				<string>B737896E180762440076A88C</string>
			</array>
			<key>isa</key>
			<string>PBXGroup</string>
			<key>name</key>
			<string>Icons</string>
			<key>sourceTree</key>
			<string>&lt;group&gt;</string>
		</dict>
		<key>B7378992180767190076A88C</key>
		<dict>
			<key>fileEncoding</key>
			<string>4</string>
			<key>isa</key>
			<string>PBXFileReference</string>
			<key>lastKnownFileType</key>
			<string>sourcecode.c.h</string>
			<key>name</key>
			<string>MainScene.h</string>
			<key>path</key>
			<string>Source/MainScene.h</string>
			<key>sourceTree</key>
			<string>&lt;group&gt;</string>
		</dict>
		<key>B7378993180767190076A88C</key>
		<dict>
			<key>fileEncoding</key>
			<string>4</string>
			<key>isa</key>
			<string>PBXFileReference</string>
			<key>lastKnownFileType</key>
			<string>sourcecode.c.objc</string>
			<key>name</key>
			<string>MainScene.m</string>
			<key>path</key>
			<string>Source/MainScene.m</string>
			<key>sourceTree</key>
			<string>&lt;group&gt;</string>
		</dict>
		<key>B7378994180767190076A88C</key>
		<dict>
			<key>fileRef</key>
			<string>B7378993180767190076A88C</string>
			<key>isa</key>
			<string>PBXBuildFile</string>
		</dict>
		<key>B77F1B2517B978D7009739AE</key>
		<dict>
			<key>children</key>
			<array>
				<string>B737893C1807616C0076A88C</string>
				<string>B77F1B4617B978D7009739AE</string>
				<string>9222E2B918734FF800A246C7</string>
				<string>B77F1CCF17B978D8009739AE</string>
				<string>B77F1B3017B978D7009739AE</string>
				<string>B77F1B2F17B978D7009739AE</string>
				<string>2A205D746E1D4A5993EC76DF</string>
			</array>
			<key>isa</key>
			<string>PBXGroup</string>
			<key>sourceTree</key>
			<string>&lt;group&gt;</string>
		</dict>
		<key>B77F1B2617B978D7009739AE</key>
		<dict>
			<key>attributes</key>
			<dict>
				<key>LastUpgradeCheck</key>
				<string>0510</string>
				<key>ORGANIZATIONNAME</key>
				<string>Apportable</string>
				<key>TargetAttributes</key>
				<dict>
					<key>B77F1B2D17B978D7009739AE</key>
					<dict>
						<key>DevelopmentTeam</key>
						<string>H98X6Z55WK</string>
						<key>SystemCapabilities</key>
						<dict>
							<key>com.apple.GameCenter</key>
							<dict>
								<key>enabled</key>
								<string>0</string>
							</dict>
						</dict>
					</dict>
				</dict>
			</dict>
			<key>buildConfigurationList</key>
			<string>B77F1B2917B978D7009739AE</string>
			<key>compatibilityVersion</key>
			<string>Xcode 3.2</string>
			<key>developmentRegion</key>
			<string>English</string>
			<key>hasScannedForEncodings</key>
			<string>0</string>
			<key>isa</key>
			<string>PBXProject</string>
			<key>knownRegions</key>
			<array>
				<string>en</string>
			</array>
			<key>mainGroup</key>
			<string>B77F1B2517B978D7009739AE</string>
			<key>productRefGroup</key>
			<string>B77F1B2F17B978D7009739AE</string>
			<key>projectDirPath</key>
			<string></string>
			<key>projectReferences</key>
			<array>
				<dict>
					<key>ProductGroup</key>
					<string>B7378941180761A80076A88C</string>
					<key>ProjectRef</key>
					<string>B7378940180761A80076A88C</string>
				</dict>
			</array>
			<key>projectRoot</key>
			<string></string>
			<key>targets</key>
			<array>
				<string>B77F1B2D17B978D7009739AE</string>
			</array>
		</dict>
		<key>B77F1B2917B978D7009739AE</key>
		<dict>
			<key>buildConfigurations</key>
			<array>
				<string>B77F1CDC17B978D8009739AE</string>
				<string>B77F1CDD17B978D8009739AE</string>
			</array>
			<key>defaultConfigurationIsVisible</key>
			<string>0</string>
			<key>defaultConfigurationName</key>
			<string>Release</string>
			<key>isa</key>
			<string>XCConfigurationList</string>
		</dict>
		<key>B77F1B2A17B978D7009739AE</key>
		<dict>
			<key>buildActionMask</key>
			<string>2147483647</string>
			<key>files</key>
			<array>
				<string>631AE7E219746ACB0028B7D0</string>
				<string>B737893F1807617C0076A88C</string>
				<string>B7378994180767190076A88C</string>
				<string>B73789871807631A0076A88C</string>
				<string>631AE7DF19746A700028B7D0</string>
				<string>631BC73819815966002F2DEB</string>
			</array>
			<key>isa</key>
			<string>PBXSourcesBuildPhase</string>
			<key>runOnlyForDeploymentPostprocessing</key>
			<string>0</string>
		</dict>
		<key>B77F1B2B17B978D7009739AE</key>
		<dict>
			<key>buildActionMask</key>
			<string>2147483647</string>
			<key>files</key>
			<array>
				<string>8392007A18EE8E3300B6C429</string>
				<string>B737898A1807642B0076A88C</string>
				<string>B77F1B3217B978D7009739AE</string>
				<string>B77F1B3417B978D7009739AE</string>
				<string>B77F1B3617B978D7009739AE</string>
				<string>B77F1B3817B978D7009739AE</string>
				<string>B77F1B3A17B978D7009739AE</string>
				<string>B77F1B3C17B978D7009739AE</string>
				<string>B77F1B3E17B978D7009739AE</string>
				<string>B77F1B4017B978D7009739AE</string>
				<string>B77F1B4217B978D7009739AE</string>
				<string>A92969F2617A496DAF62553D</string>
			</array>
			<key>isa</key>
			<string>PBXFrameworksBuildPhase</string>
			<key>runOnlyForDeploymentPostprocessing</key>
			<string>0</string>
		</dict>
		<key>B77F1B2C17B978D7009739AE</key>
		<dict>
			<key>buildActionMask</key>
			<string>2147483647</string>
			<key>files</key>
			<array>
				<string>B71F5919188484E7003F4D28</string>
				<string>B7378978180762440076A88C</string>
				<string>B71F5914188484E7003F4D28</string>
				<string>B71F5913188484E7003F4D28</string>
				<string>B71F5912188484E7003F4D28</string>
				<string>B71F5916188484E7003F4D28</string>
				<string>B737893B180761570076A88C</string>
				<string>B71F591A188484E7003F4D28</string>
				<string>B7378976180762440076A88C</string>
				<string>B71F5915188484E7003F4D28</string>
				<string>B71F5917188484E7003F4D28</string>
				<string>B7378975180762440076A88C</string>
				<string>B71F5918188484E7003F4D28</string>
				<string>B7378977180762440076A88C</string>
				<string>B71F5911188484E7003F4D28</string>
			</array>
			<key>isa</key>
			<string>PBXResourcesBuildPhase</string>
			<key>runOnlyForDeploymentPostprocessing</key>
			<string>0</string>
		</dict>
		<key>B77F1B2D17B978D7009739AE</key>
		<dict>
			<key>buildConfigurationList</key>
			<string>B77F1CDE17B978D8009739AE</string>
			<key>buildPhases</key>
			<array>
				<string>940750C3E4C243E999EB6685</string>
				<string>D2E0167A18D782EC00927430</string>
				<string>B77F1B2A17B978D7009739AE</string>
				<string>B77F1B2B17B978D7009739AE</string>
				<string>B77F1B2C17B978D7009739AE</string>
				<string>D38C2E592670430489794912</string>
			</array>
			<key>buildRules</key>
			<array/>
			<key>dependencies</key>
			<array>
				<string>B7378989180764180076A88C</string>
			</array>
			<key>isa</key>
			<string>PBXNativeTarget</string>
			<key>name</key>
			<string>Primes</string>
			<key>productName</key>
			<string>Example</string>
			<key>productReference</key>
			<string>B77F1B2E17B978D7009739AE</string>
			<key>productType</key>
			<string>com.apple.product-type.application</string>
		</dict>
		<key>B77F1B2E17B978D7009739AE</key>
		<dict>
			<key>explicitFileType</key>
			<string>wrapper.application</string>
			<key>includeInIndex</key>
			<string>0</string>
			<key>isa</key>
			<string>PBXFileReference</string>
			<key>path</key>
			<string>Primes.app</string>
			<key>sourceTree</key>
			<string>BUILT_PRODUCTS_DIR</string>
		</dict>
		<key>B77F1B2F17B978D7009739AE</key>
		<dict>
			<key>children</key>
			<array>
				<string>B77F1B2E17B978D7009739AE</string>
			</array>
			<key>isa</key>
			<string>PBXGroup</string>
			<key>name</key>
			<string>Products</string>
			<key>sourceTree</key>
			<string>&lt;group&gt;</string>
		</dict>
		<key>B77F1B3017B978D7009739AE</key>
		<dict>
			<key>children</key>
			<array>
				<string>8392007918EE8E3300B6C429</string>
				<string>B7B3713D180358F1007369CC</string>
				<string>B77F1B3117B978D7009739AE</string>
				<string>B77F1B3317B978D7009739AE</string>
				<string>B77F1B3517B978D7009739AE</string>
				<string>B77F1B3717B978D7009739AE</string>
				<string>B77F1B3917B978D7009739AE</string>
				<string>B77F1B3B17B978D7009739AE</string>
				<string>B77F1B3D17B978D7009739AE</string>
				<string>B77F1B3F17B978D7009739AE</string>
				<string>B77F1B4117B978D7009739AE</string>
				<string>8CA3F3225021498C92C0FD96</string>
			</array>
			<key>isa</key>
			<string>PBXGroup</string>
			<key>name</key>
			<string>Frameworks</string>
			<key>sourceTree</key>
			<string>&lt;group&gt;</string>
		</dict>
		<key>B77F1B3117B978D7009739AE</key>
		<dict>
			<key>isa</key>
			<string>PBXFileReference</string>
			<key>lastKnownFileType</key>
			<string>wrapper.framework</string>
			<key>name</key>
			<string>QuartzCore.framework</string>
			<key>path</key>
			<string>System/Library/Frameworks/QuartzCore.framework</string>
			<key>sourceTree</key>
			<string>SDKROOT</string>
		</dict>
		<key>B77F1B3217B978D7009739AE</key>
		<dict>
			<key>fileRef</key>
			<string>B77F1B3117B978D7009739AE</string>
			<key>isa</key>
			<string>PBXBuildFile</string>
		</dict>
		<key>B77F1B3317B978D7009739AE</key>
		<dict>
			<key>isa</key>
			<string>PBXFileReference</string>
			<key>lastKnownFileType</key>
			<string>wrapper.framework</string>
			<key>name</key>
			<string>OpenGLES.framework</string>
			<key>path</key>
			<string>System/Library/Frameworks/OpenGLES.framework</string>
			<key>sourceTree</key>
			<string>SDKROOT</string>
		</dict>
		<key>B77F1B3417B978D7009739AE</key>
		<dict>
			<key>fileRef</key>
			<string>B77F1B3317B978D7009739AE</string>
			<key>isa</key>
			<string>PBXBuildFile</string>
		</dict>
		<key>B77F1B3517B978D7009739AE</key>
		<dict>
			<key>isa</key>
			<string>PBXFileReference</string>
			<key>lastKnownFileType</key>
			<string>wrapper.framework</string>
			<key>name</key>
			<string>OpenAL.framework</string>
			<key>path</key>
			<string>System/Library/Frameworks/OpenAL.framework</string>
			<key>sourceTree</key>
			<string>SDKROOT</string>
		</dict>
		<key>B77F1B3617B978D7009739AE</key>
		<dict>
			<key>fileRef</key>
			<string>B77F1B3517B978D7009739AE</string>
			<key>isa</key>
			<string>PBXBuildFile</string>
		</dict>
		<key>B77F1B3717B978D7009739AE</key>
		<dict>
			<key>isa</key>
			<string>PBXFileReference</string>
			<key>lastKnownFileType</key>
			<string>wrapper.framework</string>
			<key>name</key>
			<string>AudioToolbox.framework</string>
			<key>path</key>
			<string>System/Library/Frameworks/AudioToolbox.framework</string>
			<key>sourceTree</key>
			<string>SDKROOT</string>
		</dict>
		<key>B77F1B3817B978D7009739AE</key>
		<dict>
			<key>fileRef</key>
			<string>B77F1B3717B978D7009739AE</string>
			<key>isa</key>
			<string>PBXBuildFile</string>
		</dict>
		<key>B77F1B3917B978D7009739AE</key>
		<dict>
			<key>isa</key>
			<string>PBXFileReference</string>
			<key>lastKnownFileType</key>
			<string>wrapper.framework</string>
			<key>name</key>
			<string>AVFoundation.framework</string>
			<key>path</key>
			<string>System/Library/Frameworks/AVFoundation.framework</string>
			<key>sourceTree</key>
			<string>SDKROOT</string>
		</dict>
		<key>B77F1B3A17B978D7009739AE</key>
		<dict>
			<key>fileRef</key>
			<string>B77F1B3917B978D7009739AE</string>
			<key>isa</key>
			<string>PBXBuildFile</string>
		</dict>
		<key>B77F1B3B17B978D7009739AE</key>
		<dict>
			<key>isa</key>
			<string>PBXFileReference</string>
			<key>lastKnownFileType</key>
			<string>wrapper.framework</string>
			<key>name</key>
			<string>UIKit.framework</string>
			<key>path</key>
			<string>System/Library/Frameworks/UIKit.framework</string>
			<key>sourceTree</key>
			<string>SDKROOT</string>
		</dict>
		<key>B77F1B3C17B978D7009739AE</key>
		<dict>
			<key>fileRef</key>
			<string>B77F1B3B17B978D7009739AE</string>
			<key>isa</key>
			<string>PBXBuildFile</string>
		</dict>
		<key>B77F1B3D17B978D7009739AE</key>
		<dict>
			<key>isa</key>
			<string>PBXFileReference</string>
			<key>lastKnownFileType</key>
			<string>wrapper.framework</string>
			<key>name</key>
			<string>Foundation.framework</string>
			<key>path</key>
			<string>System/Library/Frameworks/Foundation.framework</string>
			<key>sourceTree</key>
			<string>SDKROOT</string>
		</dict>
		<key>B77F1B3E17B978D7009739AE</key>
		<dict>
			<key>fileRef</key>
			<string>B77F1B3D17B978D7009739AE</string>
			<key>isa</key>
			<string>PBXBuildFile</string>
		</dict>
		<key>B77F1B3F17B978D7009739AE</key>
		<dict>
			<key>isa</key>
			<string>PBXFileReference</string>
			<key>lastKnownFileType</key>
			<string>wrapper.framework</string>
			<key>name</key>
			<string>CoreGraphics.framework</string>
			<key>path</key>
			<string>System/Library/Frameworks/CoreGraphics.framework</string>
			<key>sourceTree</key>
			<string>SDKROOT</string>
		</dict>
		<key>B77F1B4017B978D7009739AE</key>
		<dict>
			<key>fileRef</key>
			<string>B77F1B3F17B978D7009739AE</string>
			<key>isa</key>
			<string>PBXBuildFile</string>
		</dict>
		<key>B77F1B4117B978D7009739AE</key>
		<dict>
			<key>isa</key>
			<string>PBXFileReference</string>
			<key>lastKnownFileType</key>
			<string>wrapper.framework</string>
			<key>name</key>
			<string>CoreText.framework</string>
			<key>path</key>
			<string>System/Library/Frameworks/CoreText.framework</string>
			<key>sourceTree</key>
			<string>SDKROOT</string>
		</dict>
		<key>B77F1B4217B978D7009739AE</key>
		<dict>
			<key>fileRef</key>
			<string>B77F1B4117B978D7009739AE</string>
			<key>isa</key>
			<string>PBXBuildFile</string>
		</dict>
		<key>B77F1B4617B978D7009739AE</key>
		<dict>
			<key>children</key>
			<array>
				<string>B73789911807667A0076A88C</string>
				<string>B737893A180761570076A88C</string>
			</array>
			<key>isa</key>
			<string>PBXGroup</string>
			<key>name</key>
			<string>Resources</string>
			<key>path</key>
			<string>Source/Resources</string>
			<key>sourceTree</key>
			<string>&lt;group&gt;</string>
		</dict>
		<key>B77F1CCF17B978D8009739AE</key>
		<dict>
			<key>children</key>
			<array>
				<string>B73789851807631A0076A88C</string>
				<string>B73789861807631A0076A88C</string>
			</array>
			<key>isa</key>
			<string>PBXGroup</string>
			<key>name</key>
			<string>Supporting Files</string>
			<key>sourceTree</key>
			<string>&lt;group&gt;</string>
		</dict>
		<key>B77F1CDC17B978D8009739AE</key>
		<dict>
			<key>buildSettings</key>
			<dict>
				<key>CLANG_WARN_BOOL_CONVERSION</key>
				<string>YES</string>
				<key>CLANG_WARN_CONSTANT_CONVERSION</key>
				<string>YES</string>
				<key>CLANG_WARN_EMPTY_BODY</key>
				<string>YES</string>
				<key>CLANG_WARN_ENUM_CONVERSION</key>
				<string>YES</string>
				<key>CLANG_WARN_INT_CONVERSION</key>
				<string>YES</string>
				<key>CLANG_WARN__DUPLICATE_METHOD_MATCH</key>
				<string>YES</string>
				<key>CODE_SIGN_IDENTITY[sdk=iphoneos*]</key>
				<string>iPhone Developer</string>
				<key>GCC_C_LANGUAGE_STANDARD</key>
				<string>gnu99</string>
				<key>GCC_OPTIMIZATION_LEVEL</key>
				<string>0</string>
				<key>GCC_PREPROCESSOR_DEFINITIONS</key>
				<array>
					<string>DEBUG</string>
					<string>COCOS2D_DEBUG=1</string>
				</array>
				<key>GCC_SYMBOLS_PRIVATE_EXTERN</key>
				<string>NO</string>
				<key>GCC_VERSION</key>
				<string>com.apple.compilers.llvm.clang.1_0</string>
				<key>GCC_WARN_64_TO_32_BIT_CONVERSION</key>
				<string>YES</string>
				<key>GCC_WARN_ABOUT_RETURN_TYPE</key>
				<string>YES</string>
				<key>GCC_WARN_UNDECLARED_SELECTOR</key>
				<string>YES</string>
				<key>GCC_WARN_UNINITIALIZED_AUTOS</key>
				<string>YES</string>
				<key>GCC_WARN_UNUSED_FUNCTION</key>
				<string>YES</string>
				<key>GCC_WARN_UNUSED_VARIABLE</key>
				<string>YES</string>
				<key>IPHONEOS_DEPLOYMENT_TARGET</key>
				<string>5.1</string>
				<key>ONLY_ACTIVE_ARCH</key>
				<string>YES</string>
				<key>SDKROOT</key>
				<string>iphoneos7.1</string>
				<key>TARGETED_DEVICE_FAMILY</key>
				<string>1,2</string>
			</dict>
			<key>isa</key>
			<string>XCBuildConfiguration</string>
			<key>name</key>
			<string>Debug</string>
		</dict>
		<key>B77F1CDD17B978D8009739AE</key>
		<dict>
			<key>buildSettings</key>
			<dict>
				<key>CLANG_WARN_BOOL_CONVERSION</key>
				<string>YES</string>
				<key>CLANG_WARN_CONSTANT_CONVERSION</key>
				<string>YES</string>
				<key>CLANG_WARN_EMPTY_BODY</key>
				<string>YES</string>
				<key>CLANG_WARN_ENUM_CONVERSION</key>
				<string>YES</string>
				<key>CLANG_WARN_INT_CONVERSION</key>
				<string>YES</string>
				<key>CLANG_WARN__DUPLICATE_METHOD_MATCH</key>
				<string>YES</string>
				<key>CODE_SIGN_IDENTITY[sdk=iphoneos*]</key>
				<string>iPhone Developer</string>
				<key>GCC_C_LANGUAGE_STANDARD</key>
				<string>gnu99</string>
				<key>GCC_PREPROCESSOR_DEFINITIONS</key>
				<array>
					<string>NDEBUG</string>
					<string>NS_BLOCK_ASSERTIONS=1</string>
				</array>
				<key>GCC_VERSION</key>
				<string>com.apple.compilers.llvm.clang.1_0</string>
				<key>GCC_WARN_64_TO_32_BIT_CONVERSION</key>
				<string>YES</string>
				<key>GCC_WARN_ABOUT_RETURN_TYPE</key>
				<string>YES</string>
				<key>GCC_WARN_UNDECLARED_SELECTOR</key>
				<string>YES</string>
				<key>GCC_WARN_UNINITIALIZED_AUTOS</key>
				<string>YES</string>
				<key>GCC_WARN_UNUSED_FUNCTION</key>
				<string>YES</string>
				<key>GCC_WARN_UNUSED_VARIABLE</key>
				<string>YES</string>
				<key>IPHONEOS_DEPLOYMENT_TARGET</key>
				<string>5.1</string>
				<key>SDKROOT</key>
				<string>iphoneos7.1</string>
				<key>TARGETED_DEVICE_FAMILY</key>
				<string>1,2</string>
			</dict>
			<key>isa</key>
			<string>XCBuildConfiguration</string>
			<key>name</key>
			<string>Release</string>
		</dict>
		<key>B77F1CDE17B978D8009739AE</key>
		<dict>
			<key>buildConfigurations</key>
			<array>
				<string>B77F1CDF17B978D8009739AE</string>
				<string>B77F1CE017B978D8009739AE</string>
			</array>
			<key>defaultConfigurationIsVisible</key>
			<string>0</string>
			<key>defaultConfigurationName</key>
			<string>Release</string>
			<key>isa</key>
			<string>XCConfigurationList</string>
		</dict>
		<key>B77F1CDF17B978D8009739AE</key>
		<dict>
			<key>baseConfigurationReference</key>
			<string>2A205D746E1D4A5993EC76DF</string>
			<key>buildSettings</key>
			<dict>
				<key>ALWAYS_SEARCH_USER_PATHS</key>
				<string>NO</string>
				<key>CLANG_ENABLE_OBJC_ARC</key>
				<string>YES</string>
				<key>CODE_SIGN_IDENTITY</key>
				<string>iPhone Developer</string>
				<key>CODE_SIGN_IDENTITY[sdk=iphoneos*]</key>
				<string>iPhone Developer</string>
				<key>COPY_PHASE_STRIP</key>
				<string>NO</string>
				<key>GCC_DYNAMIC_NO_PIC</key>
				<string>NO</string>
				<key>GCC_PRECOMPILE_PREFIX_HEADER</key>
				<string>YES</string>
				<key>GCC_PREFIX_HEADER</key>
				<string>Source/Prefix.pch</string>
				<key>HEADER_SEARCH_PATHS</key>
				<array>
					<string>"Source/libs/cocos2d-iphone/external/kazmath/include"/**</string>
					<string>"Source/libs/cocos2d-iphone/cocos2d"/**</string>
					<string>Source/libs/cocos2d-iphone/external/Chipmunk/objectivec/include</string>
					<string>Source/libs/cocos2d-iphone/external/Chipmunk/include</string>
					<string>"Source/libs/cocos2d-iphone/cocos2d-ui"/**</string>
					<string>"Source/libs/cocos2d-iphone/external/ObjectAL"/**</string>
				</array>
				<key>INFOPLIST_FILE</key>
				<string>Source/Resources/Info.plist</string>
				<key>IPHONEOS_DEPLOYMENT_TARGET</key>
				<string>7.1</string>
				<key>ONLY_ACTIVE_ARCH</key>
				<string>YES</string>
				<key>OTHER_LDFLAGS</key>
				<array>
					<string>-lz</string>
					<string>-lsqlite3</string>
					<string>-ObjC</string>
					<string>$(inherited)</string>
				</array>
				<key>PRODUCT_NAME</key>
				<string>Primes</string>
				<key>PROVISIONING_PROFILE</key>
				<string></string>
				<key>TARGETED_DEVICE_FAMILY</key>
				<string>1,2</string>
				<key>WRAPPER_EXTENSION</key>
				<string>app</string>
			</dict>
			<key>isa</key>
			<string>XCBuildConfiguration</string>
			<key>name</key>
			<string>Debug</string>
		</dict>
		<key>B77F1CE017B978D8009739AE</key>
		<dict>
			<key>baseConfigurationReference</key>
			<string>2A205D746E1D4A5993EC76DF</string>
			<key>buildSettings</key>
			<dict>
				<key>ALWAYS_SEARCH_USER_PATHS</key>
				<string>NO</string>
				<key>CLANG_ENABLE_OBJC_ARC</key>
				<string>YES</string>
				<key>CODE_SIGN_IDENTITY</key>
				<string>iPhone Developer</string>
				<key>CODE_SIGN_IDENTITY[sdk=iphoneos*]</key>
				<string>iPhone Developer</string>
				<key>COPY_PHASE_STRIP</key>
				<string>YES</string>
				<key>GCC_PRECOMPILE_PREFIX_HEADER</key>
				<string>YES</string>
				<key>GCC_PREFIX_HEADER</key>
				<string>Source/Prefix.pch</string>
				<key>HEADER_SEARCH_PATHS</key>
				<array>
					<string>"Source/libs/cocos2d-iphone/external/kazmath/include"/**</string>
					<string>"Source/libs/cocos2d-iphone/cocos2d"/**</string>
					<string>Source/libs/cocos2d-iphone/external/Chipmunk/objectivec/include</string>
					<string>Source/libs/cocos2d-iphone/external/Chipmunk/include</string>
					<string>"Source/libs/cocos2d-iphone/cocos2d-ui"/**</string>
					<string>"Source/libs/cocos2d-iphone/external/ObjectAL"/**</string>
				</array>
				<key>INFOPLIST_FILE</key>
				<string>Source/Resources/Info.plist</string>
				<key>IPHONEOS_DEPLOYMENT_TARGET</key>
				<string>7.1</string>
				<key>OTHER_LDFLAGS</key>
				<array>
					<string>-lz</string>
					<string>-lsqlite3</string>
					<string>-ObjC</string>
					<string>$(inherited)</string>
				</array>
				<key>PRODUCT_NAME</key>
				<string>Primes</string>
				<key>PROVISIONING_PROFILE</key>
				<string></string>
				<key>TARGETED_DEVICE_FAMILY</key>
				<string>1,2</string>
				<key>VALIDATE_PRODUCT</key>
				<string>YES</string>
				<key>WRAPPER_EXTENSION</key>
				<string>app</string>
			</dict>
			<key>isa</key>
			<string>XCBuildConfiguration</string>
			<key>name</key>
			<string>Release</string>
		</dict>
		<key>B7B3713D180358F1007369CC</key>
		<dict>
			<key>isa</key>
			<string>PBXFileReference</string>
			<key>lastKnownFileType</key>
			<string>archive.ar</string>
			<key>name</key>
			<string>libObjectiveChipmunk.a</string>
			<key>path</key>
			<string>../libs/cocos2d-iphone/external/Chipmunk/xcode/build/Debug-iphoneos/libObjectiveChipmunk.a</string>
			<key>sourceTree</key>
			<string>&lt;group&gt;</string>
		</dict>
		<key>D2E0167A18D782EC00927430</key>
		<dict>
			<key>buildActionMask</key>
			<string>2147483647</string>
			<key>files</key>
			<array/>
			<key>inputPaths</key>
			<array/>
			<key>isa</key>
			<string>PBXShellScriptBuildPhase</string>
			<key>name</key>
			<string>Run Script</string>
			<key>outputPaths</key>
			<array/>
			<key>runOnlyForDeploymentPostprocessing</key>
			<string>0</string>
			<key>shellPath</key>
			<string>/bin/sh</string>
			<key>shellScript</key>
			<string>osascript -e 'tell application "System Events"' -e 'set ProcessList to name of every process' -e 'if "SpriteBuilder" is in ProcessList then' -e 'tell application "SpriteBuilder" to publish' -e 'end if' -e 'end tell'</string>
		</dict>
		<key>D38C2E592670430489794912</key>
		<dict>
			<key>buildActionMask</key>
			<string>2147483647</string>
			<key>files</key>
			<array/>
			<key>inputPaths</key>
			<array/>
			<key>isa</key>
			<string>PBXShellScriptBuildPhase</string>
			<key>name</key>
			<string>Copy Pods Resources</string>
			<key>outputPaths</key>
			<array/>
			<key>runOnlyForDeploymentPostprocessing</key>
			<string>0</string>
			<key>shellPath</key>
			<string>/bin/sh</string>
			<key>shellScript</key>
			<string>"${SRCROOT}/Pods/Pods-resources.sh"
</string>
			<key>showEnvVarsInLog</key>
			<string>0</string>
		</dict>
	</dict>
	<key>rootObject</key>
	<string>B77F1B2617B978D7009739AE</string>
</dict>
</plist>
